
Microsoft Visual Studio Solution File, Format Version 12.00
# Visual Studio Version 17
VisualStudioVersion = 17.9.34728.123
MinimumVisualStudioVersion = 10.0.40219.1
Project("{9A19103F-16F7-4668-BE54-9A1E7A4F7556}") = "Assesments", "Assesments\Assesments.csproj", "{14A01F45-8A59-42C6-A350-F01734BFD4E9}"
EndProject
Project("{FAE04EC0-301F-11D3-BF4B-00C04F79EFBC}") = "Assignments", "Assignments\Assignments.csproj", "{B9AC8FA1-8DF5-4FFA-9642-C8B6D782115D}"
EndProject
Global
	GlobalSection(SolutionConfigurationPlatforms) = preSolution
		Debug|Any CPU = Debug|Any CPU
		Release|Any CPU = Release|Any CPU
	EndGlobalSection
	GlobalSection(ProjectConfigurationPlatforms) = postSolution
		{14A01F45-8A59-42C6-A350-F01734BFD4E9}.Debug|Any CPU.ActiveCfg = Debug|Any CPU
		{14A01F45-8A59-42C6-A350-F01734BFD4E9}.Debug|Any CPU.Build.0 = Debug|Any CPU
		{14A01F45-8A59-42C6-A350-F01734BFD4E9}.Release|Any CPU.ActiveCfg = Release|Any CPU
		{14A01F45-8A59-42C6-A350-F01734BFD4E9}.Release|Any CPU.Build.0 = Release|Any CPU
		{B9AC8FA1-8DF5-4FFA-9642-C8B6D782115D}.Debug|Any CPU.ActiveCfg = Debug|Any CPU
		{B9AC8FA1-8DF5-4FFA-9642-C8B6D782115D}.Debug|Any CPU.Build.0 = Debug|Any CPU
		{B9AC8FA1-8DF5-4FFA-9642-C8B6D782115D}.Release|Any CPU.ActiveCfg = Release|Any CPU
		{B9AC8FA1-8DF5-4FFA-9642-C8B6D782115D}.Release|Any CPU.Build.0 = Release|Any CPU
	EndGlobalSection
	GlobalSection(SolutionProperties) = preSolution
		HideSolutionNode = FALSE
	EndGlobalSection
	GlobalSection(ExtensibilityGlobals) = postSolution
		SolutionGuid = {8B2878CA-4C85-4810-809D-B7C38BCF4A15}
	EndGlobalSection
EndGlobal
